
Microsoft Visual Studio Solution File, Format Version 12.00
# Visual Studio Version 17
VisualStudioVersion = 17.2.32526.322
MinimumVisualStudioVersion = 10.0.40219.1
Project("{8BC9CEB8-8B4A-11D0-8D11-00A0C91BC942}") = "Library__OOP_HW", "Library__OOP_HW.vcxproj", "{DD9088E8-5637-40FD-BE20-8D3CE026DB95}"
EndProject
Global
	GlobalSection(SolutionConfigurationPlatforms) = preSolution
		Debug|x64 = Debug|x64
		Debug|x86 = Debug|x86
		Release|x64 = Release|x64
		Release|x86 = Release|x86
	EndGlobalSection
	GlobalSection(ProjectConfigurationPlatforms) = postSolution
		{DD9088E8-5637-40FD-BE20-8D3CE026DB95}.Debug|x64.ActiveCfg = Debug|x64
		{DD9088E8-5637-40FD-BE20-8D3CE026DB95}.Debug|x64.Build.0 = Debug|x64
		{DD9088E8-5637-40FD-BE20-8D3CE026DB95}.Debug|x86.ActiveCfg = Debug|Win32
		{DD9088E8-5637-40FD-BE20-8D3CE026DB95}.Debug|x86.Build.0 = Debug|Win32
		{DD9088E8-5637-40FD-BE20-8D3CE026DB95}.Release|x64.ActiveCfg = Release|x64
		{DD9088E8-5637-40FD-BE20-8D3CE026DB95}.Release|x64.Build.0 = Release|x64
		{DD9088E8-5637-40FD-BE20-8D3CE026DB95}.Release|x86.ActiveCfg = Release|Win32
		{DD9088E8-5637-40FD-BE20-8D3CE026DB95}.Release|x86.Build.0 = Release|Win32
	EndGlobalSection
	GlobalSection(SolutionProperties) = preSolution
		HideSolutionNode = FALSE
	EndGlobalSection
	GlobalSection(ExtensibilityGlobals) = postSolution
		SolutionGuid = {FB8FDCC0-2A91-4F77-8F56-144BF76B3051}
	EndGlobalSection
EndGlobal
